
Microsoft Visual Studio Solution File, Format Version 12.00
# Visual Studio Version 17
VisualStudioVersion = 17.13.35828.75 d17.13
MinimumVisualStudioVersion = 10.0.40219.1
Project("{FAE04EC0-301F-11D3-BF4B-00C04F79EFBC}") = "src", "src.csproj", "{0366474E-A66E-4791-AB4B-DC8D5C1D0F5B}"
EndProject
Global
	GlobalSection(SolutionConfigurationPlatforms) = preSolution
		Debug|Any CPU = Debug|Any CPU
		Release|Any CPU = Release|Any CPU
	EndGlobalSection
	GlobalSection(ProjectConfigurationPlatforms) = postSolution
		{0366474E-A66E-4791-AB4B-DC8D5C1D0F5B}.Debug|Any CPU.ActiveCfg = Debug|Any CPU
		{0366474E-A66E-4791-AB4B-DC8D5C1D0F5B}.Debug|Any CPU.Build.0 = Debug|Any CPU
		{0366474E-A66E-4791-AB4B-DC8D5C1D0F5B}.Release|Any CPU.ActiveCfg = Release|Any CPU
		{0366474E-A66E-4791-AB4B-DC8D5C1D0F5B}.Release|Any CPU.Build.0 = Release|Any CPU
	EndGlobalSection
	GlobalSection(SolutionProperties) = preSolution
		HideSolutionNode = FALSE
	EndGlobalSection
	GlobalSection(ExtensibilityGlobals) = postSolution
		SolutionGuid = {AC7BD263-254F-4696-85D0-82A2DC81ADD3}
	EndGlobalSection
EndGlobal
